
Microsoft Visual Studio Solution File, Format Version 12.00
# Visual Studio Version 17
VisualStudioVersion = 17.4.33213.308
MinimumVisualStudioVersion = 10.0.40219.1
Project("{8BC9CEB8-8B4A-11D0-8D11-00A0C91BC942}") = "vector", "vector.vcxproj", "{299270A5-3F8E-428E-8638-2D9C008B1334}"
EndProject
Global
	GlobalSection(SolutionConfigurationPlatforms) = preSolution
		Debug|x64 = Debug|x64
		Debug|x86 = Debug|x86
		Release|x64 = Release|x64
		Release|x86 = Release|x86
	EndGlobalSection
	GlobalSection(ProjectConfigurationPlatforms) = postSolution
		{299270A5-3F8E-428E-8638-2D9C008B1334}.Debug|x64.ActiveCfg = Debug|x64
		{299270A5-3F8E-428E-8638-2D9C008B1334}.Debug|x64.Build.0 = Debug|x64
		{299270A5-3F8E-428E-8638-2D9C008B1334}.Debug|x86.ActiveCfg = Debug|Win32
		{299270A5-3F8E-428E-8638-2D9C008B1334}.Debug|x86.Build.0 = Debug|Win32
		{299270A5-3F8E-428E-8638-2D9C008B1334}.Release|x64.ActiveCfg = Release|x64
		{299270A5-3F8E-428E-8638-2D9C008B1334}.Release|x64.Build.0 = Release|x64
		{299270A5-3F8E-428E-8638-2D9C008B1334}.Release|x86.ActiveCfg = Release|Win32
		{299270A5-3F8E-428E-8638-2D9C008B1334}.Release|x86.Build.0 = Release|Win32
	EndGlobalSection
	GlobalSection(SolutionProperties) = preSolution
		HideSolutionNode = FALSE
	EndGlobalSection
	GlobalSection(ExtensibilityGlobals) = postSolution
		SolutionGuid = {4BC411D4-52D6-4B05-AF89-B4F4B4768D20}
	EndGlobalSection
EndGlobal
